
Microsoft Visual Studio Solution File, Format Version 12.00
# Visual Studio 15
VisualStudioVersion = 15.0.27428.2002
MinimumVisualStudioVersion = 10.0.40219.1
Project("{FAE04EC0-301F-11D3-BF4B-00C04F79EFBC}") = "Final_project", "Final_project\Final_project.csproj", "{7454CBE7-C562-4C1C-9B7B-1C1FC76022BE}"
EndProject
Global
	GlobalSection(SolutionConfigurationPlatforms) = preSolution
		Debug|Any CPU = Debug|Any CPU
		Release|Any CPU = Release|Any CPU
	EndGlobalSection
	GlobalSection(ProjectConfigurationPlatforms) = postSolution
		{7454CBE7-C562-4C1C-9B7B-1C1FC76022BE}.Debug|Any CPU.ActiveCfg = Debug|Any CPU
		{7454CBE7-C562-4C1C-9B7B-1C1FC76022BE}.Debug|Any CPU.Build.0 = Debug|Any CPU
		{7454CBE7-C562-4C1C-9B7B-1C1FC76022BE}.Release|Any CPU.ActiveCfg = Release|Any CPU
		{7454CBE7-C562-4C1C-9B7B-1C1FC76022BE}.Release|Any CPU.Build.0 = Release|Any CPU
	EndGlobalSection
	GlobalSection(SolutionProperties) = preSolution
		HideSolutionNode = FALSE
	EndGlobalSection
	GlobalSection(ExtensibilityGlobals) = postSolution
		SolutionGuid = {65F4F669-5DAC-4325-8085-13F2F87D3C4C}
	EndGlobalSection
EndGlobal
